{
  "version": 4,
  "terraform_version": "1.0.7",
  "serial": 13,
  "lineage": "6df4fd25-af90-47f3-5542-a2a5fef19e48",
  "outputs": {},
  "resources": [
    {
      "mode": "managed",
      "type": "google_sql_database_instance",
      "name": "teste-tc-3268",
      "provider": "provider[\"registry.terraform.io/hashicorp/google\"]",
      "instances": [
        {
          "schema_version": 0,
          "attributes": {
            "clone": [],
            "connection_name": "teste-tc-326813:europe-west1:teste-tc-3268",
            "database_version": "POSTGRES_9_6",
            "deletion_protection": true,
            "first_ip_address": "35.195.110.220",
            "id": "teste-tc-3268",
            "ip_address": [
              {
                "ip_address": "35.195.110.220",
                "time_to_retire": "",
                "type": "PRIMARY"
              },
              {
                "ip_address": "34.140.119.159",
                "time_to_retire": "",
                "type": "OUTGOING"
              }
            ],
            "master_instance_name": "",
            "name": "teste-tc-3268",
            "private_ip_address": "",
            "project": "teste-tc-326813",
            "public_ip_address": "35.195.110.220",
            "region": "europe-west1",
            "replica_configuration": [],
            "restore_backup_context": [],
            "root_password": null,
            "self_link": "https://sqladmin.googleapis.com/sql/v1beta4/projects/teste-tc-326813/instances/teste-tc-3268",
            "server_ca_cert": [
              {
                "cert": "-----BEGIN CERTIFICATE-----\nMIIDfzCCAmegAwIBAgIBADANBgkqhkiG9w0BAQsFADB3MS0wKwYDVQQuEyQ5NjJi\nNDg5ZS0yYzg5LTRlNTEtYmRjNS1jMTllMTVmYzIyZWMxIzAhBgNVBAMTGkdvb2ds\nZSBDbG91ZCBTUUwgU2VydmVyIENBMRQwEgYDVQQKEwtHb29nbGUsIEluYzELMAkG\nA1UEBhMCVVMwHhcNMjExMDE2MDA0NzM4WhcNMzExMDE0MDA0ODM4WjB3MS0wKwYD\nVQQuEyQ5NjJiNDg5ZS0yYzg5LTRlNTEtYmRjNS1jMTllMTVmYzIyZWMxIzAhBgNV\nBAMTGkdvb2dsZSBDbG91ZCBTUUwgU2VydmVyIENBMRQwEgYDVQQKEwtHb29nbGUs\nIEluYzELMAkGA1UEBhMCVVMwggEiMA0GCSqGSIb3DQEBAQUAA4IBDwAwggEKAoIB\nAQCSvbZcOrFekHw6WaR9m6fhE3GogexShBZ7AwVYIY1dN+fmEUW+UT9Yr5ecbR2U\n411HgSgIbufI8ndIpdTELgmxjWAQQPxpfApdlZ6i27kLj4RVavjWmxqpNNPkvcFC\n0BBSqswH3FF3LPTdGQFwt/mPpWcAI0yfQdvFGTK9J5IOoB8mxESlJA/T4y1RY4MR\nlyjqBx4LPbrLdjWyhZoMpiEPI78I4yfIo08l+DZeP+iz9yNUaa9MQ1TDQHeEEcMb\nq6nT0/MsBvW8jxwjFT0lJzqX2wFy7L9u4JNVAmP8tWM8ihDL49z6SdQIasEEJXpQ\nrZvcdcWWQpOM57jUA7tmgtopAgMBAAGjFjAUMBIGA1UdEwEB/wQIMAYBAf8CAQAw\nDQYJKoZIhvcNAQELBQADggEBAGhdLFy8+N+OeKIxRx8Zxe0dfbQd4xI0HkX7rPG+\nAi3HzoIgodlV4ysj167xSeUUW2BRkAJU73V6d0+/TD67Rh2Gn8DTeF/rAg67/EIY\nYk4O4zSrFypE8rNknhTxM9YGNex/ek+pfmmLGUFzkRn1uOrDJGEAvUYCl6+m1Fh7\nJKkqDEYG9UyJVjuIwvd/jsewhecysMPQOy8UvTJy8HUl/nQMVcY4OOVPKqSrnytB\nEzzcAF0ih7VXwM8za2jmTSJ10gEq96pfT9pX3p5rYAxEmlPEPcTjzz1tfZkH4A2Y\nnmUQt6upsbPF7oy35IeShOKZhPgirkcxG4VyfjUPKCoKtaw=\n-----END CERTIFICATE-----",
                "common_name": "C=US,O=Google\\, Inc,CN=Google Cloud SQL Server CA,dnQualifier=962b489e-2c89-4e51-bdc5-c19e15fc22ec",
                "create_time": "2021-10-16T00:47:38.095Z",
                "expiration_time": "2031-10-14T00:48:38.095Z",
                "sha1_fingerprint": "9f4339eaf019e7710ee79589b43a63ba665513ff"
              }
            ],
            "service_account_email_address": "p384386987575-sfzws9@gcp-sa-cloud-sql.iam.gserviceaccount.com",
            "settings": [
              {
                "activation_policy": "ALWAYS",
                "authorized_gae_applications": [],
                "availability_type": "ZONAL",
                "backup_configuration": [
                  {
                    "backup_retention_settings": [
                      {
                        "retained_backups": 7,
                        "retention_unit": "COUNT"
                      }
                    ],
                    "binary_log_enabled": false,
                    "enabled": false,
                    "location": "",
                    "point_in_time_recovery_enabled": false,
                    "start_time": "17:00",
                    "transaction_log_retention_days": 7
                  }
                ],
                "collation": "",
                "crash_safe_replication": false,
                "database_flags": [],
                "disk_autoresize": true,
                "disk_autoresize_limit": 0,
                "disk_size": 10,
                "disk_type": "PD_SSD",
                "insights_config": [],
                "ip_configuration": [
                  {
                    "authorized_networks": [],
                    "ipv4_enabled": true,
                    "private_network": "",
                    "require_ssl": false
                  }
                ],
                "location_preference": [
                  {
                    "follow_gae_application": "",
                    "zone": "europe-west1-d"
                  }
                ],
                "maintenance_window": [],
                "pricing_plan": "PER_USE",
                "replication_type": "SYNCHRONOUS",
                "tier": "db-custom-16-106496",
                "user_labels": {},
                "version": 1
              }
            ],
            "timeouts": null
          },
          "sensitive_attributes": [],
          "private": "eyJlMmJmYjczMC1lY2FhLTExZTYtOGY4OC0zNDM2M2JjN2M0YzAiOnsiY3JlYXRlIjoxODAwMDAwMDAwMDAwLCJkZWxldGUiOjE4MDAwMDAwMDAwMDAsInVwZGF0ZSI6MTgwMDAwMDAwMDAwMH19"
        }
      ]
    },
    {
      "module": "module.db_backups",
      "mode": "data",
      "type": "archive_file",
      "name": "backupZipFile",
      "provider": "provider[\"registry.terraform.io/hashicorp/archive\"]",
      "instances": [
        {
          "schema_version": 0,
          "attributes": {
            "excludes": null,
            "id": "3890e2d203541a8fa42eea6e1100d6d0df3ca814",
            "output_base64sha256": "9Kpka0EnN4S0479c+ovfBmVXQVwCS57iF3GTWkw2dCk=",
            "output_file_mode": null,
            "output_md5": "094d17e1c51a31b5a34c489e71671f07",
            "output_path": "../modules/db-backups/backupCloudFunction/backup.zip",
            "output_sha": "3890e2d203541a8fa42eea6e1100d6d0df3ca814",
            "output_size": 861,
            "source": [
              {
                "content": "const { google } = require(\"googleapis\");\nconst { auth } = require(\"google-auth-library\");\nvar sqladmin = google.sqladmin(\"v1beta4\");\n\nexports.backup = async (_req, res) =\u003e {\n  const authRes = await auth.getApplicationDefault();\n  let authClient = authRes.credential;\n  var request = {\n    project: process.env.PROJECT_ID,\n    instance: process.env.DB_INSTANCE_NAME,\n    resource: {\n      exportContext: {\n        kind: \"sql#exportContext\",\n        fileType: \"SQL\", \n        uri: `gs://${process.env.BUCKET_NAME}/${(new Date()).toISOString()}-backup.gz`,\n        databases: [process.env.DB_NAME_TO_EXPORT]\n      }\n    },\n    auth: authClient\n  };\n  \n  try {\n    const result = await sqladmin.instances.export(request);\n    console.log(result);\n    res.status(200).send(\"Command completed\", null, result);\n  } catch(err) {\n    console.log(err);\n    res.status(500).send(\"Error\", err);\n  }\n};",
                "filename": "index.js"
              },
              {
                "content": "{\n    \"name\": \"export-database\",\n    \"version\": \"0.0.1\",\n    \"dependencies\": {\n      \"googleapis\": \"^39.2.0\",\n      \"google-auth-library\": \"3.1.2\"\n    }\n}",
                "filename": "package.json"
              }
            ],
            "source_content": null,
            "source_content_filename": null,
            "source_dir": null,
            "source_file": null,
            "type": "zip"
          },
          "sensitive_attributes": []
        }
      ]
    },
    {
      "module": "module.db_backups",
      "mode": "managed",
      "type": "google_cloud_scheduler_job",
      "name": "backupJob",
      "provider": "provider[\"registry.terraform.io/hashicorp/google\"]",
      "instances": [
        {
          "schema_version": 0,
          "attributes": {
            "app_engine_http_target": [],
            "attempt_deadline": "180s",
            "description": "Create a backup of the database",
            "http_target": [
              {
                "body": "",
                "headers": null,
                "http_method": "POST",
                "oauth_token": [],
                "oidc_token": [],
                "uri": "https://europe-west2-teste-tc-326813.cloudfunctions.net/backup"
              }
            ],
            "id": "projects/teste-tc-326813/locations/europe-west1/jobs/backup-job",
            "name": "backup-job",
            "project": "teste-tc-326813",
            "pubsub_target": [],
            "region": "europe-west1",
            "retry_config": [],
            "schedule": "0 4 * * *",
            "time_zone": "Europe/Paris",
            "timeouts": null
          },
          "sensitive_attributes": [],
          "private": "eyJlMmJmYjczMC1lY2FhLTExZTYtOGY4OC0zNDM2M2JjN2M0YzAiOnsiY3JlYXRlIjoyNDAwMDAwMDAwMDAsImRlbGV0ZSI6MjQwMDAwMDAwMDAwLCJ1cGRhdGUiOjI0MDAwMDAwMDAwMH19",
          "dependencies": [
            "module.db_backups.google_cloudfunctions_function.backupFunction",
            "module.db_backups.google_storage_bucket.db-backups",
            "module.db_backups.google_storage_bucket_object.archive"
          ]
        }
      ]
    },
    {
      "module": "module.db_backups",
      "mode": "managed",
      "type": "google_cloudfunctions_function",
      "name": "backupFunction",
      "provider": "provider[\"registry.terraform.io/hashicorp/google\"]",
      "instances": [
        {
          "schema_version": 0,
          "attributes": {
            "available_memory_mb": 128,
            "build_environment_variables": null,
            "description": "Performs a backup of the specified database in the db-backups bucket",
            "entry_point": "backup",
            "environment_variables": {
              "BUCKET_NAME": "db-backups-teste-tc-326813",
              "DB_INSTANCE_NAME": "teste-tc-326813",
              "DB_NAME_TO_EXPORT": "name-of-the-database-to-export",
              "PROJECT_ID": "teste-tc-326813"
            },
            "event_trigger": [],
            "https_trigger_url": "https://europe-west2-teste-tc-326813.cloudfunctions.net/backup",
            "id": "projects/teste-tc-326813/locations/europe-west2/functions/backup",
            "ingress_settings": "ALLOW_ALL",
            "labels": null,
            "max_instances": 0,
            "name": "backup",
            "project": "teste-tc-326813",
            "region": "europe-west2",
            "runtime": "nodejs10",
            "service_account_email": "teste-tc-326813@appspot.gserviceaccount.com",
            "source_archive_bucket": "db-backups-teste-tc-326813",
            "source_archive_object": "cloudFunctions/backup-mdk0zde3ztfjntfhmzfinwezngm0odllnze2nzfmmdc.zip",
            "source_repository": [],
            "timeout": 60,
            "timeouts": null,
            "trigger_http": true,
            "vpc_connector": "",
            "vpc_connector_egress_settings": ""
          },
          "sensitive_attributes": [],
          "private": "eyJlMmJmYjczMC1lY2FhLTExZTYtOGY4OC0zNDM2M2JjN2M0YzAiOnsiY3JlYXRlIjozMDAwMDAwMDAwMDAsImRlbGV0ZSI6MzAwMDAwMDAwMDAwLCJyZWFkIjozMDAwMDAwMDAwMDAsInVwZGF0ZSI6MzAwMDAwMDAwMDAwfX0=",
          "dependencies": [
            "module.db_backups.google_storage_bucket.db-backups",
            "module.db_backups.google_storage_bucket_object.archive"
          ]
        }
      ]
    },
    {
      "module": "module.db_backups",
      "mode": "managed",
      "type": "google_storage_bucket",
      "name": "db-backups",
      "provider": "provider[\"registry.terraform.io/hashicorp/google\"]",
      "instances": [
        {
          "schema_version": 0,
          "attributes": {
            "bucket_policy_only": false,
            "cors": [],
            "default_event_based_hold": false,
            "encryption": [],
            "force_destroy": false,
            "id": "db-backups-teste-tc-326813",
            "labels": {},
            "lifecycle_rule": [],
            "location": "EU",
            "logging": [],
            "name": "db-backups-teste-tc-326813",
            "project": "teste-tc-326813",
            "requester_pays": false,
            "retention_policy": [],
            "self_link": "https://www.googleapis.com/storage/v1/b/db-backups-teste-tc-326813",
            "storage_class": "MULTI_REGIONAL",
            "uniform_bucket_level_access": false,
            "url": "gs://db-backups-teste-tc-326813",
            "versioning": [],
            "website": []
          },
          "sensitive_attributes": [],
          "private": "bnVsbA=="
        }
      ]
    },
    {
      "module": "module.db_backups",
      "mode": "managed",
      "type": "google_storage_bucket_iam_member",
      "name": "editor",
      "provider": "provider[\"registry.terraform.io/hashicorp/google\"]",
      "instances": [
        {
          "schema_version": 0,
          "attributes": {
            "bucket": "b/db-backups-teste-tc-326813",
            "condition": [],
            "etag": "CAI=",
            "id": "b/db-backups-teste-tc-326813/roles/storage.objectCreator/serviceAccount:p384386987575-sfzws9@gcp-sa-cloud-sql.iam.gserviceaccount.com",
            "member": "serviceAccount:p384386987575-sfzws9@gcp-sa-cloud-sql.iam.gserviceaccount.com",
            "role": "roles/storage.objectCreator"
          },
          "sensitive_attributes": [],
          "private": "bnVsbA==",
          "dependencies": [
            "google_sql_database_instance.teste-tc-3268",
            "module.db_backups.google_storage_bucket.db-backups"
          ]
        }
      ]
    },
    {
      "module": "module.db_backups",
      "mode": "managed",
      "type": "google_storage_bucket_object",
      "name": "archive",
      "provider": "provider[\"registry.terraform.io/hashicorp/google\"]",
      "instances": [
        {
          "schema_version": 0,
          "attributes": {
            "bucket": "db-backups-teste-tc-326813",
            "cache_control": "",
            "content": null,
            "content_disposition": "",
            "content_encoding": "",
            "content_language": "",
            "content_type": "application/zip",
            "crc32c": "xIIJUg==",
            "customer_encryption": [],
            "detect_md5hash": "CU0X4cUaMbWjTEiecWcfBw==",
            "event_based_hold": false,
            "id": "db-backups-teste-tc-326813-cloudFunctions/backup-mdk0zde3ztfjntfhmzfinwezngm0odllnze2nzfmmdc.zip",
            "kms_key_name": "",
            "md5hash": "CU0X4cUaMbWjTEiecWcfBw==",
            "media_link": "https://storage.googleapis.com/download/storage/v1/b/db-backups-teste-tc-326813/o/cloudFunctions%2Fbackup-mdk0zde3ztfjntfhmzfinwezngm0odllnze2nzfmmdc.zip?generation=1634345235740906\u0026alt=media",
            "metadata": {},
            "name": "cloudFunctions/backup-mdk0zde3ztfjntfhmzfinwezngm0odllnze2nzfmmdc.zip",
            "output_name": "cloudFunctions/backup-mdk0zde3ztfjntfhmzfinwezngm0odllnze2nzfmmdc.zip",
            "self_link": "https://www.googleapis.com/storage/v1/b/db-backups-teste-tc-326813/o/cloudFunctions%2Fbackup-mdk0zde3ztfjntfhmzfinwezngm0odllnze2nzfmmdc.zip",
            "source": "../modules/db-backups/backupCloudFunction/backup.zip",
            "storage_class": "MULTI_REGIONAL",
            "temporary_hold": false,
            "timeouts": null
          },
          "sensitive_attributes": [],
          "private": "eyJlMmJmYjczMC1lY2FhLTExZTYtOGY4OC0zNDM2M2JjN2M0YzAiOnsiY3JlYXRlIjoyNDAwMDAwMDAwMDAsImRlbGV0ZSI6MjQwMDAwMDAwMDAwLCJ1cGRhdGUiOjI0MDAwMDAwMDAwMH19",
          "dependencies": [
            "module.db_backups.data.archive_file.backupZipFile",
            "module.db_backups.google_storage_bucket.db-backups"
          ]
        }
      ]
    }
  ]
}
